
Microsoft Visual Studio Solution File, Format Version 12.00
# Visual Studio Version 17
VisualStudioVersion = 17.1.32407.343
MinimumVisualStudioVersion = 10.0.40219.1
Project("{FAE04EC0-301F-11D3-BF4B-00C04F79EFBC}") = "Kurscsharp1", "Kurscsharp1.csproj", "{8EBABB0F-6BC8-4D9C-BC1D-372A55BF64B5}"
EndProject
Global
	GlobalSection(SolutionConfigurationPlatforms) = preSolution
		Debug|Any CPU = Debug|Any CPU
		Release|Any CPU = Release|Any CPU
	EndGlobalSection
	GlobalSection(ProjectConfigurationPlatforms) = postSolution
		{8EBABB0F-6BC8-4D9C-BC1D-372A55BF64B5}.Debug|Any CPU.ActiveCfg = Debug|Any CPU
		{8EBABB0F-6BC8-4D9C-BC1D-372A55BF64B5}.Debug|Any CPU.Build.0 = Debug|Any CPU
		{8EBABB0F-6BC8-4D9C-BC1D-372A55BF64B5}.Release|Any CPU.ActiveCfg = Release|Any CPU
		{8EBABB0F-6BC8-4D9C-BC1D-372A55BF64B5}.Release|Any CPU.Build.0 = Release|Any CPU
	EndGlobalSection
	GlobalSection(SolutionProperties) = preSolution
		HideSolutionNode = FALSE
	EndGlobalSection
	GlobalSection(ExtensibilityGlobals) = postSolution
		SolutionGuid = {D19F4114-04DD-4E3A-9027-FBBFF4E8BA1B}
	EndGlobalSection
EndGlobal
